
Microsoft Visual Studio Solution File, Format Version 12.00
# Visual Studio Version 17
VisualStudioVersion = 17.14.36603.0
MinimumVisualStudioVersion = 10.0.40219.1
Project("{2150E333-8FDC-42A3-9474-1A3956D46DE8}") = "Task0", "Task0", "{02EA681E-C7D8-13C7-8484-4AC65E1B71E8}"
EndProject
Project("{FAE04EC0-301F-11D3-BF4B-00C04F79EFBC}") = "Tyuiu.IvanovSV.Sprint1.Task0.V15.Lib", "Tyuiu.IvanovSV.Sprint1.Task0.V15.Lib\Tyuiu.IvanovSV.Sprint1.Task0.V15.Lib.csproj", "{C2286418-9EFC-42CF-BE5C-D6DE12DDCA0C}"
EndProject
Project("{FAE04EC0-301F-11D3-BF4B-00C04F79EFBC}") = "Tyuiu.IvanovSV.Sprint1.Task0.V15", "Tyuiu.IvanovSV.Sprint1.Task0.V15\Tyuiu.IvanovSV.Sprint1.Task0.V15.csproj", "{261733DD-FA40-46F4-A312-22BDE973D045}"
EndProject
Project("{FAE04EC0-301F-11D3-BF4B-00C04F79EFBC}") = "Tyuiu.IvanovSV.Sprint1.Task0.V15.Test", "Tyuiu.IvanovSV.Sprint1.Task0.V15.Test\Tyuiu.IvanovSV.Sprint1.Task0.V15.Test.csproj", "{D87CAA5F-D6BC-441B-BA23-75EEF86856B1}"
EndProject
Project("{FAE04EC0-301F-11D3-BF4B-00C04F79EFBC}") = "Tyuiu.IvanovSV.Sprint1.Task1.V14", "Tyuiu.IvanovSV.Sprint1.Task1.V14\Tyuiu.IvanovSV.Sprint1.Task1.V14.csproj", "{24546E1A-4DD1-427B-AABB-79E3AD344D58}"
EndProject
Project("{2150E333-8FDC-42A3-9474-1A3956D46DE8}") = "Task1", "Task1", "{424000B5-F565-4BDE-9BB0-BBC38C81CD37}"
EndProject
Project("{FAE04EC0-301F-11D3-BF4B-00C04F79EFBC}") = "Tyuiu.IvanovSV.Sprint1.Task1.V14.Test", "Tyuiu.IvanovSV.Sprint1.Task1.V14.Test\Tyuiu.IvanovSV.Sprint1.Task1.V14.Test.csproj", "{65C04588-1D70-419A-8831-CAB1CB248C6B}"
EndProject
Project("{FAE04EC0-301F-11D3-BF4B-00C04F79EFBC}") = "Tyuiu.IvanovSV.Sprint1.Task1.V14.Lib", "Tyuiu.IvanovSV.Sprint1.Task1.V14.Lib\Tyuiu.IvanovSV.Sprint1.Task1.V14.Lib.csproj", "{B7F50C3F-BFBC-4392-A07B-9F90F6901C06}"
EndProject
Project("{2150E333-8FDC-42A3-9474-1A3956D46DE8}") = "Task2", "Task2", "{E430857A-91E3-4187-A395-997CA5202875}"
EndProject
Project("{FAE04EC0-301F-11D3-BF4B-00C04F79EFBC}") = "Tyuiu.IvanovSV.Sprint1.Task2.V19", "Tyuiu.IvanovSV.Sprint1.Task2.V19\Tyuiu.IvanovSV.Sprint1.Task2.V19.csproj", "{23DE8374-AA92-437B-8578-04548068DBE0}"
EndProject
Project("{FAE04EC0-301F-11D3-BF4B-00C04F79EFBC}") = "Tyuiu.IvanovSV.Sprint1.Task2.V19.Lib", "Tyuiu.IvanovSV.Sprint1.task2.V19.Lib\Tyuiu.IvanovSV.Sprint1.Task2.V19.Lib.csproj", "{25068746-706A-4846-824A-B6E77FF4DC9C}"
EndProject
Project("{FAE04EC0-301F-11D3-BF4B-00C04F79EFBC}") = "Tyuiu.IvanovSV.Sprint1.Task2.V19.Test", "Tyuiu.IvanovSV.Sprint1.Task2.V19.Test\Tyuiu.IvanovSV.Sprint1.Task2.V19.Test.csproj", "{4F543E7D-9B93-43AC-BAA1-A317B9441CAC}"
EndProject
Global
	GlobalSection(SolutionConfigurationPlatforms) = preSolution
		Debug|Any CPU = Debug|Any CPU
		Release|Any CPU = Release|Any CPU
	EndGlobalSection
	GlobalSection(ProjectConfigurationPlatforms) = postSolution
		{C2286418-9EFC-42CF-BE5C-D6DE12DDCA0C}.Debug|Any CPU.ActiveCfg = Debug|Any CPU
		{C2286418-9EFC-42CF-BE5C-D6DE12DDCA0C}.Debug|Any CPU.Build.0 = Debug|Any CPU
		{C2286418-9EFC-42CF-BE5C-D6DE12DDCA0C}.Release|Any CPU.ActiveCfg = Release|Any CPU
		{C2286418-9EFC-42CF-BE5C-D6DE12DDCA0C}.Release|Any CPU.Build.0 = Release|Any CPU
		{261733DD-FA40-46F4-A312-22BDE973D045}.Debug|Any CPU.ActiveCfg = Debug|Any CPU
		{261733DD-FA40-46F4-A312-22BDE973D045}.Debug|Any CPU.Build.0 = Debug|Any CPU
		{261733DD-FA40-46F4-A312-22BDE973D045}.Release|Any CPU.ActiveCfg = Release|Any CPU
		{261733DD-FA40-46F4-A312-22BDE973D045}.Release|Any CPU.Build.0 = Release|Any CPU
		{D87CAA5F-D6BC-441B-BA23-75EEF86856B1}.Debug|Any CPU.ActiveCfg = Debug|Any CPU
		{D87CAA5F-D6BC-441B-BA23-75EEF86856B1}.Debug|Any CPU.Build.0 = Debug|Any CPU
		{D87CAA5F-D6BC-441B-BA23-75EEF86856B1}.Release|Any CPU.ActiveCfg = Release|Any CPU
		{D87CAA5F-D6BC-441B-BA23-75EEF86856B1}.Release|Any CPU.Build.0 = Release|Any CPU
		{24546E1A-4DD1-427B-AABB-79E3AD344D58}.Debug|Any CPU.ActiveCfg = Debug|Any CPU
		{24546E1A-4DD1-427B-AABB-79E3AD344D58}.Debug|Any CPU.Build.0 = Debug|Any CPU
		{24546E1A-4DD1-427B-AABB-79E3AD344D58}.Release|Any CPU.ActiveCfg = Release|Any CPU
		{24546E1A-4DD1-427B-AABB-79E3AD344D58}.Release|Any CPU.Build.0 = Release|Any CPU
		{65C04588-1D70-419A-8831-CAB1CB248C6B}.Debug|Any CPU.ActiveCfg = Debug|Any CPU
		{65C04588-1D70-419A-8831-CAB1CB248C6B}.Debug|Any CPU.Build.0 = Debug|Any CPU
		{65C04588-1D70-419A-8831-CAB1CB248C6B}.Release|Any CPU.ActiveCfg = Release|Any CPU
		{65C04588-1D70-419A-8831-CAB1CB248C6B}.Release|Any CPU.Build.0 = Release|Any CPU
		{B7F50C3F-BFBC-4392-A07B-9F90F6901C06}.Debug|Any CPU.ActiveCfg = Debug|Any CPU
		{B7F50C3F-BFBC-4392-A07B-9F90F6901C06}.Debug|Any CPU.Build.0 = Debug|Any CPU
		{B7F50C3F-BFBC-4392-A07B-9F90F6901C06}.Release|Any CPU.ActiveCfg = Release|Any CPU
		{B7F50C3F-BFBC-4392-A07B-9F90F6901C06}.Release|Any CPU.Build.0 = Release|Any CPU
		{23DE8374-AA92-437B-8578-04548068DBE0}.Debug|Any CPU.ActiveCfg = Debug|Any CPU
		{23DE8374-AA92-437B-8578-04548068DBE0}.Debug|Any CPU.Build.0 = Debug|Any CPU
		{23DE8374-AA92-437B-8578-04548068DBE0}.Release|Any CPU.ActiveCfg = Release|Any CPU
		{23DE8374-AA92-437B-8578-04548068DBE0}.Release|Any CPU.Build.0 = Release|Any CPU
		{25068746-706A-4846-824A-B6E77FF4DC9C}.Debug|Any CPU.ActiveCfg = Debug|Any CPU
		{25068746-706A-4846-824A-B6E77FF4DC9C}.Debug|Any CPU.Build.0 = Debug|Any CPU
		{25068746-706A-4846-824A-B6E77FF4DC9C}.Release|Any CPU.ActiveCfg = Release|Any CPU
		{25068746-706A-4846-824A-B6E77FF4DC9C}.Release|Any CPU.Build.0 = Release|Any CPU
		{4F543E7D-9B93-43AC-BAA1-A317B9441CAC}.Debug|Any CPU.ActiveCfg = Debug|Any CPU
		{4F543E7D-9B93-43AC-BAA1-A317B9441CAC}.Debug|Any CPU.Build.0 = Debug|Any CPU
		{4F543E7D-9B93-43AC-BAA1-A317B9441CAC}.Release|Any CPU.ActiveCfg = Release|Any CPU
		{4F543E7D-9B93-43AC-BAA1-A317B9441CAC}.Release|Any CPU.Build.0 = Release|Any CPU
	EndGlobalSection
	GlobalSection(SolutionProperties) = preSolution
		HideSolutionNode = FALSE
	EndGlobalSection
	GlobalSection(NestedProjects) = preSolution
		{C2286418-9EFC-42CF-BE5C-D6DE12DDCA0C} = {02EA681E-C7D8-13C7-8484-4AC65E1B71E8}
		{261733DD-FA40-46F4-A312-22BDE973D045} = {02EA681E-C7D8-13C7-8484-4AC65E1B71E8}
		{D87CAA5F-D6BC-441B-BA23-75EEF86856B1} = {02EA681E-C7D8-13C7-8484-4AC65E1B71E8}
		{24546E1A-4DD1-427B-AABB-79E3AD344D58} = {424000B5-F565-4BDE-9BB0-BBC38C81CD37}
		{65C04588-1D70-419A-8831-CAB1CB248C6B} = {424000B5-F565-4BDE-9BB0-BBC38C81CD37}
		{B7F50C3F-BFBC-4392-A07B-9F90F6901C06} = {424000B5-F565-4BDE-9BB0-BBC38C81CD37}
		{23DE8374-AA92-437B-8578-04548068DBE0} = {E430857A-91E3-4187-A395-997CA5202875}
		{25068746-706A-4846-824A-B6E77FF4DC9C} = {E430857A-91E3-4187-A395-997CA5202875}
		{4F543E7D-9B93-43AC-BAA1-A317B9441CAC} = {E430857A-91E3-4187-A395-997CA5202875}
	EndGlobalSection
	GlobalSection(ExtensibilityGlobals) = postSolution
		SolutionGuid = {A249ADA9-A68F-4328-A303-FF496DB6CE31}
	EndGlobalSection
EndGlobal
