
Microsoft Visual Studio Solution File, Format Version 12.00
# Visual Studio Version 17
VisualStudioVersion = 17.14.36603.0
MinimumVisualStudioVersion = 10.0.40219.1
Project("{2150E333-8FDC-42A3-9474-1A3956D46DE8}") = "Task0", "Task0", "{02EA681E-C7D8-13C7-8484-4AC65E1B71E8}"
EndProject
Project("{FAE04EC0-301F-11D3-BF4B-00C04F79EFBC}") = "Tyuiu.IvanovSV.Sprint1.Task0.V15.Lib", "Tyuiu.IvanovSV.Sprint1.Task0.V15.Lib\Tyuiu.IvanovSV.Sprint1.Task0.V15.Lib.csproj", "{C2286418-9EFC-42CF-BE5C-D6DE12DDCA0C}"
EndProject
Project("{FAE04EC0-301F-11D3-BF4B-00C04F79EFBC}") = "Tyuiu.IvanovSV.Sprint1.Task0.V15", "Tyuiu.IvanovSV.Sprint1.Task0.V15\Tyuiu.IvanovSV.Sprint1.Task0.V15.csproj", "{261733DD-FA40-46F4-A312-22BDE973D045}"
EndProject
Project("{FAE04EC0-301F-11D3-BF4B-00C04F79EFBC}") = "Tyuiu.IvanovSV.Sprint1.Task0.V15.Test", "Tyuiu.IvanovSV.Sprint1.Task0.V15.Test\Tyuiu.IvanovSV.Sprint1.Task0.V15.Test.csproj", "{D87CAA5F-D6BC-441B-BA23-75EEF86856B1}"
EndProject
Project("{FAE04EC0-301F-11D3-BF4B-00C04F79EFBC}") = "Tyuiu.IvanovSV.Sprint1.Task1.V14", "Tyuiu.IvanovSV.Sprint1.Task1.V14\Tyuiu.IvanovSV.Sprint1.Task1.V14.csproj", "{24546E1A-4DD1-427B-AABB-79E3AD344D58}"
EndProject
Project("{2150E333-8FDC-42A3-9474-1A3956D46DE8}") = "Task1", "Task1", "{424000B5-F565-4BDE-9BB0-BBC38C81CD37}"
EndProject
Project("{FAE04EC0-301F-11D3-BF4B-00C04F79EFBC}") = "Tyuiu.IvanovSV.Sprint1.Task1.V14.Test", "Tyuiu.IvanovSV.Sprint1.Task1.V14.Test\Tyuiu.IvanovSV.Sprint1.Task1.V14.Test.csproj", "{65C04588-1D70-419A-8831-CAB1CB248C6B}"
EndProject
Project("{FAE04EC0-301F-11D3-BF4B-00C04F79EFBC}") = "Tyuiu.IvanovSV.Sprint1.Task1.V14.Lib", "Tyuiu.IvanovSV.Sprint1.Task1.V14.Lib\Tyuiu.IvanovSV.Sprint1.Task1.V14.Lib.csproj", "{B7F50C3F-BFBC-4392-A07B-9F90F6901C06}"
EndProject
Project("{2150E333-8FDC-42A3-9474-1A3956D46DE8}") = "Task2", "Task2", "{E430857A-91E3-4187-A395-997CA5202875}"
EndProject
Project("{FAE04EC0-301F-11D3-BF4B-00C04F79EFBC}") = "Tyuiu.IvanovSV.Sprint1.Task2.V19", "Tyuiu.IvanovSV.Sprint1.Task2.V19\Tyuiu.IvanovSV.Sprint1.Task2.V19.csproj", "{23DE8374-AA92-437B-8578-04548068DBE0}"
EndProject
Project("{FAE04EC0-301F-11D3-BF4B-00C04F79EFBC}") = "Tyuiu.IvanovSV.Sprint1.Task2.V19.Test", "Tyuiu.IvanovSV.Sprint1.Task2.V19.Test\Tyuiu.IvanovSV.Sprint1.Task2.V19.Test.csproj", "{4F543E7D-9B93-43AC-BAA1-A317B9441CAC}"
EndProject
Project("{FAE04EC0-301F-11D3-BF4B-00C04F79EFBC}") = "Tyuiu.IvanovSV.Sprint1.Task2.V19.Lib", "Tyuiu.IvanovSV.Sprint1.Task2.V19.Lib\Tyuiu.IvanovSV.Sprint1.Task2.V19.Lib.csproj", "{BE390D49-94B5-481A-BAB1-593C4A89A11B}"
EndProject
Project("{2150E333-8FDC-42A3-9474-1A3956D46DE8}") = "Task3", "Task3", "{8BB25B19-88E2-4626-9763-97CB86AAF59F}"
EndProject
Project("{FAE04EC0-301F-11D3-BF4B-00C04F79EFBC}") = "Tyuiu.IvanovSV.Sprint1.Task3.V12.Lib", "Tyuiu.IvanovSV.Sprint1.Task3.V12.Lib\Tyuiu.IvanovSV.Sprint1.Task3.V12.Lib.csproj", "{0B06062B-BDFF-4DAF-B7E0-033C926D4C6C}"
EndProject
Project("{FAE04EC0-301F-11D3-BF4B-00C04F79EFBC}") = "Tyuiu.IvanovSV.Sprint1.Task3.V12.Test", "Tyuiu.IvanovSV.Sprint1.Task3.V12.Test\Tyuiu.IvanovSV.Sprint1.Task3.V12.Test.csproj", "{14FD7F13-C6BF-40F4-85B7-551E52901B20}"
EndProject
Project("{FAE04EC0-301F-11D3-BF4B-00C04F79EFBC}") = "Tyuiu.IvanovSV.Sprint1.Task3.V12", "Tyuiu.IvanovSV.Sprint1.Task3.V12\Tyuiu.IvanovSV.Sprint1.Task3.V12.csproj", "{408FBCE8-7978-4770-9C1C-265340474B10}"
EndProject
Project("{2150E333-8FDC-42A3-9474-1A3956D46DE8}") = "Task5", "Task5", "{FEEE6F3D-6E67-4AEC-B099-4207A7B68CE7}"
EndProject
Project("{2150E333-8FDC-42A3-9474-1A3956D46DE8}") = "Task4", "Task4", "{819D83B8-BC26-4A76-AAF6-268904D61AB0}"
EndProject
Project("{FAE04EC0-301F-11D3-BF4B-00C04F79EFBC}") = "Tyuiu.IvanovSV.Sprint1.Task4.V14.Lib", "Tyuiu.IvanovSV.Sprint1.Task4.V14.Lib\Tyuiu.IvanovSV.Sprint1.Task4.V14.Lib.csproj", "{5DE8751F-D520-48C4-8B62-D6CFF53151DC}"
EndProject
Project("{FAE04EC0-301F-11D3-BF4B-00C04F79EFBC}") = "Tyuiu.IvanovSV.Sprint1.Task4.V14", "Tyuiu.IvanovSV.Sprint1.Task4.V14\Tyuiu.IvanovSV.Sprint1.Task4.V14.csproj", "{52BAE495-C837-4E0F-9E11-B73EB4A38C5E}"
EndProject
Project("{FAE04EC0-301F-11D3-BF4B-00C04F79EFBC}") = "Tyuiu.IvanovSV.Sprint1.Task4.V14.Test", "Tyuiu.IvanovSV.Sprint1.Task4.V14.Test\Tyuiu.IvanovSV.Sprint1.Task4.V14.Test.csproj", "{84839B03-1005-4B48-98F0-03B95DE8BBF8}"
EndProject
Project("{FAE04EC0-301F-11D3-BF4B-00C04F79EFBC}") = "Tyuiu.IvanovSV.Sprint1.Task5.V1", "Tyuiu.IvanovSV.Sprint1.Task5.V1\Tyuiu.IvanovSV.Sprint1.Task5.V1.csproj", "{414099E9-9B61-4823-B978-AE32DA84488E}"
EndProject
Project("{FAE04EC0-301F-11D3-BF4B-00C04F79EFBC}") = "Tyuiu.IvanovSV.Sprint1.Task5.V1.Lib", "Tyuiu.IvanovSV.Sprint1.Task5.V1.Lib\Tyuiu.IvanovSV.Sprint1.Task5.V1.Lib.csproj", "{17AABFAA-D3D0-4D4F-A77F-60DEF6E62C2F}"
EndProject
Project("{FAE04EC0-301F-11D3-BF4B-00C04F79EFBC}") = "Tyuiu.IvanovSV.Sprint1.Task5.V1.Test", "Tyuiu.IvanovSV.Sprint1.Task5.V1.Test\Tyuiu.IvanovSV.Sprint1.Task5.V1.Test.csproj", "{2AF769B5-E4F8-4845-9C7C-3FD0ADE10245}"
EndProject
Project("{2150E333-8FDC-42A3-9474-1A3956D46DE8}") = "Task6", "Task6", "{A4D7C4D4-AC27-4DD3-A970-C437B1E3D69C}"
EndProject
Project("{FAE04EC0-301F-11D3-BF4B-00C04F79EFBC}") = "Tyuiu.IvanovSV.Sprint1.Task6.V3", "Tyuiu.IvanovSV.Sprint1.Task6.V3\Tyuiu.IvanovSV.Sprint1.Task6.V3.csproj", "{0B1A41BB-0D8B-4523-80CF-D31831A6CD52}"
EndProject
Project("{FAE04EC0-301F-11D3-BF4B-00C04F79EFBC}") = "Tyuiu.IvanovSV.Sprint1.Task6.V3.Test", "Tyuiu.IvanovSV.Sprint1.Task6.V3.Test\Tyuiu.IvanovSV.Sprint1.Task6.V3.Test.csproj", "{47DE6680-518E-4272-87FF-EEB11141BBC9}"
EndProject
Project("{FAE04EC0-301F-11D3-BF4B-00C04F79EFBC}") = "Tyuiu.IvanovSV.Sprint1.Task6.V3.Lib", "Tyuiu.IvanovSV.Sprint1.Task6.V3.Lib\Tyuiu.IvanovSV.Sprint1.Task6.V3.Lib.csproj", "{B288CA1C-6576-4306-ABF2-6CD3C57BCE6E}"
EndProject
Global
	GlobalSection(SolutionConfigurationPlatforms) = preSolution
		Debug|Any CPU = Debug|Any CPU
		Release|Any CPU = Release|Any CPU
	EndGlobalSection
	GlobalSection(ProjectConfigurationPlatforms) = postSolution
		{C2286418-9EFC-42CF-BE5C-D6DE12DDCA0C}.Debug|Any CPU.ActiveCfg = Debug|Any CPU
		{C2286418-9EFC-42CF-BE5C-D6DE12DDCA0C}.Debug|Any CPU.Build.0 = Debug|Any CPU
		{C2286418-9EFC-42CF-BE5C-D6DE12DDCA0C}.Release|Any CPU.ActiveCfg = Release|Any CPU
		{C2286418-9EFC-42CF-BE5C-D6DE12DDCA0C}.Release|Any CPU.Build.0 = Release|Any CPU
		{261733DD-FA40-46F4-A312-22BDE973D045}.Debug|Any CPU.ActiveCfg = Debug|Any CPU
		{261733DD-FA40-46F4-A312-22BDE973D045}.Debug|Any CPU.Build.0 = Debug|Any CPU
		{261733DD-FA40-46F4-A312-22BDE973D045}.Release|Any CPU.ActiveCfg = Release|Any CPU
		{261733DD-FA40-46F4-A312-22BDE973D045}.Release|Any CPU.Build.0 = Release|Any CPU
		{D87CAA5F-D6BC-441B-BA23-75EEF86856B1}.Debug|Any CPU.ActiveCfg = Debug|Any CPU
		{D87CAA5F-D6BC-441B-BA23-75EEF86856B1}.Debug|Any CPU.Build.0 = Debug|Any CPU
		{D87CAA5F-D6BC-441B-BA23-75EEF86856B1}.Release|Any CPU.ActiveCfg = Release|Any CPU
		{D87CAA5F-D6BC-441B-BA23-75EEF86856B1}.Release|Any CPU.Build.0 = Release|Any CPU
		{24546E1A-4DD1-427B-AABB-79E3AD344D58}.Debug|Any CPU.ActiveCfg = Debug|Any CPU
		{24546E1A-4DD1-427B-AABB-79E3AD344D58}.Debug|Any CPU.Build.0 = Debug|Any CPU
		{24546E1A-4DD1-427B-AABB-79E3AD344D58}.Release|Any CPU.ActiveCfg = Release|Any CPU
		{24546E1A-4DD1-427B-AABB-79E3AD344D58}.Release|Any CPU.Build.0 = Release|Any CPU
		{65C04588-1D70-419A-8831-CAB1CB248C6B}.Debug|Any CPU.ActiveCfg = Debug|Any CPU
		{65C04588-1D70-419A-8831-CAB1CB248C6B}.Debug|Any CPU.Build.0 = Debug|Any CPU
		{65C04588-1D70-419A-8831-CAB1CB248C6B}.Release|Any CPU.ActiveCfg = Release|Any CPU
		{65C04588-1D70-419A-8831-CAB1CB248C6B}.Release|Any CPU.Build.0 = Release|Any CPU
		{B7F50C3F-BFBC-4392-A07B-9F90F6901C06}.Debug|Any CPU.ActiveCfg = Debug|Any CPU
		{B7F50C3F-BFBC-4392-A07B-9F90F6901C06}.Debug|Any CPU.Build.0 = Debug|Any CPU
		{B7F50C3F-BFBC-4392-A07B-9F90F6901C06}.Release|Any CPU.ActiveCfg = Release|Any CPU
		{B7F50C3F-BFBC-4392-A07B-9F90F6901C06}.Release|Any CPU.Build.0 = Release|Any CPU
		{23DE8374-AA92-437B-8578-04548068DBE0}.Debug|Any CPU.ActiveCfg = Debug|Any CPU
		{23DE8374-AA92-437B-8578-04548068DBE0}.Debug|Any CPU.Build.0 = Debug|Any CPU
		{23DE8374-AA92-437B-8578-04548068DBE0}.Release|Any CPU.ActiveCfg = Release|Any CPU
		{23DE8374-AA92-437B-8578-04548068DBE0}.Release|Any CPU.Build.0 = Release|Any CPU
		{4F543E7D-9B93-43AC-BAA1-A317B9441CAC}.Debug|Any CPU.ActiveCfg = Debug|Any CPU
		{4F543E7D-9B93-43AC-BAA1-A317B9441CAC}.Debug|Any CPU.Build.0 = Debug|Any CPU
		{4F543E7D-9B93-43AC-BAA1-A317B9441CAC}.Release|Any CPU.ActiveCfg = Release|Any CPU
		{4F543E7D-9B93-43AC-BAA1-A317B9441CAC}.Release|Any CPU.Build.0 = Release|Any CPU
		{BE390D49-94B5-481A-BAB1-593C4A89A11B}.Debug|Any CPU.ActiveCfg = Debug|Any CPU
		{BE390D49-94B5-481A-BAB1-593C4A89A11B}.Debug|Any CPU.Build.0 = Debug|Any CPU
		{BE390D49-94B5-481A-BAB1-593C4A89A11B}.Release|Any CPU.ActiveCfg = Release|Any CPU
		{BE390D49-94B5-481A-BAB1-593C4A89A11B}.Release|Any CPU.Build.0 = Release|Any CPU
		{0B06062B-BDFF-4DAF-B7E0-033C926D4C6C}.Debug|Any CPU.ActiveCfg = Debug|Any CPU
		{0B06062B-BDFF-4DAF-B7E0-033C926D4C6C}.Debug|Any CPU.Build.0 = Debug|Any CPU
		{0B06062B-BDFF-4DAF-B7E0-033C926D4C6C}.Release|Any CPU.ActiveCfg = Release|Any CPU
		{0B06062B-BDFF-4DAF-B7E0-033C926D4C6C}.Release|Any CPU.Build.0 = Release|Any CPU
		{14FD7F13-C6BF-40F4-85B7-551E52901B20}.Debug|Any CPU.ActiveCfg = Debug|Any CPU
		{14FD7F13-C6BF-40F4-85B7-551E52901B20}.Debug|Any CPU.Build.0 = Debug|Any CPU
		{14FD7F13-C6BF-40F4-85B7-551E52901B20}.Release|Any CPU.ActiveCfg = Release|Any CPU
		{14FD7F13-C6BF-40F4-85B7-551E52901B20}.Release|Any CPU.Build.0 = Release|Any CPU
		{408FBCE8-7978-4770-9C1C-265340474B10}.Debug|Any CPU.ActiveCfg = Debug|Any CPU
		{408FBCE8-7978-4770-9C1C-265340474B10}.Debug|Any CPU.Build.0 = Debug|Any CPU
		{408FBCE8-7978-4770-9C1C-265340474B10}.Release|Any CPU.ActiveCfg = Release|Any CPU
		{408FBCE8-7978-4770-9C1C-265340474B10}.Release|Any CPU.Build.0 = Release|Any CPU
		{5DE8751F-D520-48C4-8B62-D6CFF53151DC}.Debug|Any CPU.ActiveCfg = Debug|Any CPU
		{5DE8751F-D520-48C4-8B62-D6CFF53151DC}.Debug|Any CPU.Build.0 = Debug|Any CPU
		{5DE8751F-D520-48C4-8B62-D6CFF53151DC}.Release|Any CPU.ActiveCfg = Release|Any CPU
		{5DE8751F-D520-48C4-8B62-D6CFF53151DC}.Release|Any CPU.Build.0 = Release|Any CPU
		{52BAE495-C837-4E0F-9E11-B73EB4A38C5E}.Debug|Any CPU.ActiveCfg = Debug|Any CPU
		{52BAE495-C837-4E0F-9E11-B73EB4A38C5E}.Debug|Any CPU.Build.0 = Debug|Any CPU
		{52BAE495-C837-4E0F-9E11-B73EB4A38C5E}.Release|Any CPU.ActiveCfg = Release|Any CPU
		{52BAE495-C837-4E0F-9E11-B73EB4A38C5E}.Release|Any CPU.Build.0 = Release|Any CPU
		{84839B03-1005-4B48-98F0-03B95DE8BBF8}.Debug|Any CPU.ActiveCfg = Debug|Any CPU
		{84839B03-1005-4B48-98F0-03B95DE8BBF8}.Debug|Any CPU.Build.0 = Debug|Any CPU
		{84839B03-1005-4B48-98F0-03B95DE8BBF8}.Release|Any CPU.ActiveCfg = Release|Any CPU
		{84839B03-1005-4B48-98F0-03B95DE8BBF8}.Release|Any CPU.Build.0 = Release|Any CPU
		{414099E9-9B61-4823-B978-AE32DA84488E}.Debug|Any CPU.ActiveCfg = Debug|Any CPU
		{414099E9-9B61-4823-B978-AE32DA84488E}.Debug|Any CPU.Build.0 = Debug|Any CPU
		{414099E9-9B61-4823-B978-AE32DA84488E}.Release|Any CPU.ActiveCfg = Release|Any CPU
		{414099E9-9B61-4823-B978-AE32DA84488E}.Release|Any CPU.Build.0 = Release|Any CPU
		{17AABFAA-D3D0-4D4F-A77F-60DEF6E62C2F}.Debug|Any CPU.ActiveCfg = Debug|Any CPU
		{17AABFAA-D3D0-4D4F-A77F-60DEF6E62C2F}.Debug|Any CPU.Build.0 = Debug|Any CPU
		{17AABFAA-D3D0-4D4F-A77F-60DEF6E62C2F}.Release|Any CPU.ActiveCfg = Release|Any CPU
		{17AABFAA-D3D0-4D4F-A77F-60DEF6E62C2F}.Release|Any CPU.Build.0 = Release|Any CPU
		{2AF769B5-E4F8-4845-9C7C-3FD0ADE10245}.Debug|Any CPU.ActiveCfg = Debug|Any CPU
		{2AF769B5-E4F8-4845-9C7C-3FD0ADE10245}.Debug|Any CPU.Build.0 = Debug|Any CPU
		{2AF769B5-E4F8-4845-9C7C-3FD0ADE10245}.Release|Any CPU.ActiveCfg = Release|Any CPU
		{2AF769B5-E4F8-4845-9C7C-3FD0ADE10245}.Release|Any CPU.Build.0 = Release|Any CPU
		{0B1A41BB-0D8B-4523-80CF-D31831A6CD52}.Debug|Any CPU.ActiveCfg = Debug|Any CPU
		{0B1A41BB-0D8B-4523-80CF-D31831A6CD52}.Debug|Any CPU.Build.0 = Debug|Any CPU
		{0B1A41BB-0D8B-4523-80CF-D31831A6CD52}.Release|Any CPU.ActiveCfg = Release|Any CPU
		{0B1A41BB-0D8B-4523-80CF-D31831A6CD52}.Release|Any CPU.Build.0 = Release|Any CPU
		{47DE6680-518E-4272-87FF-EEB11141BBC9}.Debug|Any CPU.ActiveCfg = Debug|Any CPU
		{47DE6680-518E-4272-87FF-EEB11141BBC9}.Debug|Any CPU.Build.0 = Debug|Any CPU
		{47DE6680-518E-4272-87FF-EEB11141BBC9}.Release|Any CPU.ActiveCfg = Release|Any CPU
		{47DE6680-518E-4272-87FF-EEB11141BBC9}.Release|Any CPU.Build.0 = Release|Any CPU
		{B288CA1C-6576-4306-ABF2-6CD3C57BCE6E}.Debug|Any CPU.ActiveCfg = Debug|Any CPU
		{B288CA1C-6576-4306-ABF2-6CD3C57BCE6E}.Debug|Any CPU.Build.0 = Debug|Any CPU
		{B288CA1C-6576-4306-ABF2-6CD3C57BCE6E}.Release|Any CPU.ActiveCfg = Release|Any CPU
		{B288CA1C-6576-4306-ABF2-6CD3C57BCE6E}.Release|Any CPU.Build.0 = Release|Any CPU
	EndGlobalSection
	GlobalSection(SolutionProperties) = preSolution
		HideSolutionNode = FALSE
	EndGlobalSection
	GlobalSection(NestedProjects) = preSolution
		{C2286418-9EFC-42CF-BE5C-D6DE12DDCA0C} = {02EA681E-C7D8-13C7-8484-4AC65E1B71E8}
		{261733DD-FA40-46F4-A312-22BDE973D045} = {02EA681E-C7D8-13C7-8484-4AC65E1B71E8}
		{D87CAA5F-D6BC-441B-BA23-75EEF86856B1} = {02EA681E-C7D8-13C7-8484-4AC65E1B71E8}
		{24546E1A-4DD1-427B-AABB-79E3AD344D58} = {424000B5-F565-4BDE-9BB0-BBC38C81CD37}
		{65C04588-1D70-419A-8831-CAB1CB248C6B} = {424000B5-F565-4BDE-9BB0-BBC38C81CD37}
		{B7F50C3F-BFBC-4392-A07B-9F90F6901C06} = {424000B5-F565-4BDE-9BB0-BBC38C81CD37}
		{23DE8374-AA92-437B-8578-04548068DBE0} = {E430857A-91E3-4187-A395-997CA5202875}
		{4F543E7D-9B93-43AC-BAA1-A317B9441CAC} = {E430857A-91E3-4187-A395-997CA5202875}
		{BE390D49-94B5-481A-BAB1-593C4A89A11B} = {E430857A-91E3-4187-A395-997CA5202875}
		{0B06062B-BDFF-4DAF-B7E0-033C926D4C6C} = {8BB25B19-88E2-4626-9763-97CB86AAF59F}
		{14FD7F13-C6BF-40F4-85B7-551E52901B20} = {8BB25B19-88E2-4626-9763-97CB86AAF59F}
		{408FBCE8-7978-4770-9C1C-265340474B10} = {8BB25B19-88E2-4626-9763-97CB86AAF59F}
		{5DE8751F-D520-48C4-8B62-D6CFF53151DC} = {819D83B8-BC26-4A76-AAF6-268904D61AB0}
		{52BAE495-C837-4E0F-9E11-B73EB4A38C5E} = {819D83B8-BC26-4A76-AAF6-268904D61AB0}
		{84839B03-1005-4B48-98F0-03B95DE8BBF8} = {819D83B8-BC26-4A76-AAF6-268904D61AB0}
		{414099E9-9B61-4823-B978-AE32DA84488E} = {FEEE6F3D-6E67-4AEC-B099-4207A7B68CE7}
		{17AABFAA-D3D0-4D4F-A77F-60DEF6E62C2F} = {FEEE6F3D-6E67-4AEC-B099-4207A7B68CE7}
		{2AF769B5-E4F8-4845-9C7C-3FD0ADE10245} = {FEEE6F3D-6E67-4AEC-B099-4207A7B68CE7}
		{0B1A41BB-0D8B-4523-80CF-D31831A6CD52} = {A4D7C4D4-AC27-4DD3-A970-C437B1E3D69C}
		{47DE6680-518E-4272-87FF-EEB11141BBC9} = {A4D7C4D4-AC27-4DD3-A970-C437B1E3D69C}
		{B288CA1C-6576-4306-ABF2-6CD3C57BCE6E} = {A4D7C4D4-AC27-4DD3-A970-C437B1E3D69C}
	EndGlobalSection
	GlobalSection(ExtensibilityGlobals) = postSolution
		SolutionGuid = {A249ADA9-A68F-4328-A303-FF496DB6CE31}
	EndGlobalSection
EndGlobal
