
Microsoft Visual Studio Solution File, Format Version 12.00
# Visual Studio Version 17
VisualStudioVersion = 17.14.36518.9
MinimumVisualStudioVersion = 10.0.40219.1
Project("{2150E333-8FDC-42A3-9474-1A3956D46DE8}") = "Task0.V15", "Task0.V15", "{02EA681E-C7D8-13C7-8484-4AC65E1B71E8}"
EndProject
Project("{FAE04EC0-301F-11D3-BF4B-00C04F79EFBC}") = "Tyuiu.IvanovSV.Sprint1.Task0.V15", "Tyuiu.IvanovSV.Sprint1.Task0.V15\Tyuiu.IvanovSV.Sprint1.Task0.V15.csproj", "{7622E646-C666-4841-A6B0-FB2C28CA064A}"
EndProject
Project("{FAE04EC0-301F-11D3-BF4B-00C04F79EFBC}") = "Tyuiu.IvanovSV.Sprint1.Task0.V15.Lib", "Tyuiu.IvanovSV.Sprint1.Task0.V15.Lib\Tyuiu.IvanovSV.Sprint1.Task0.V15.Lib.csproj", "{41D5FD62-3589-4BB1-9F4C-72832932D85F}"
EndProject
Project("{FAE04EC0-301F-11D3-BF4B-00C04F79EFBC}") = "Tyuiu.IvanovSV.Sprint1.Task0.V15.Test", "Tyuiu.IvanovSV.Sprint1.Task0.V15.Test\Tyuiu.IvanovSV.Sprint1.Task0.V15.Test.csproj", "{915C3B61-6031-45B0-8954-24B1991A51A5}"
EndProject
Project("{2150E333-8FDC-42A3-9474-1A3956D46DE8}") = "Task1.V14", "Task1.V14", "{32D262CE-9E26-4814-98B8-B0B328E81363}"
EndProject
Project("{FAE04EC0-301F-11D3-BF4B-00C04F79EFBC}") = "Tyuiu.IvanovSV.Sprint1.Task1.V14", "Tyuiu.IvanovSV.Sprint1.Task1.V14\Tyuiu.IvanovSV.Sprint1.Task1.V14.csproj", "{AC8458D3-CAC6-42C5-85D5-6FCCBE79EA71}"
EndProject
Project("{FAE04EC0-301F-11D3-BF4B-00C04F79EFBC}") = "Tyuiu.IvanovSV.Sprint1.Task1.V14.Lib", "Tyuiu.IvanovSV.Sprint1.Task1.V14.Lib\Tyuiu.IvanovSV.Sprint1.Task1.V14.Lib.csproj", "{4F067F92-AE81-45EB-A797-0DC67B4DC959}"
EndProject
Project("{FAE04EC0-301F-11D3-BF4B-00C04F79EFBC}") = "Tyuiu.IvanovSV.Sprint1.Task1.V14.Test", "Tyuiu.IvanovSV.Sprint1.Task1.V14.Test\Tyuiu.IvanovSV.Sprint1.Task1.V14.Test.csproj", "{9B4D2878-147D-4AB5-909D-134668289D55}"
EndProject
Project("{2150E333-8FDC-42A3-9474-1A3956D46DE8}") = "Task2.V19", "Task2.V19", "{2E5F42BB-54A8-4E8C-AD75-AA5E60760044}"
EndProject
Project("{FAE04EC0-301F-11D3-BF4B-00C04F79EFBC}") = "Tyuiu.IvanovSV.Sprint1.Task2.V19", "Tyuiu.IvanovSV.Sprint1.Task2.V19\Tyuiu.IvanovSV.Sprint1.Task2.V19.csproj", "{46F2B768-B339-47FA-8C6F-61AE9F08744F}"
EndProject
Project("{FAE04EC0-301F-11D3-BF4B-00C04F79EFBC}") = "Tyuiu.IvanovSV.Sprint1.Task2.V19.Test", "Tyuiu.IvanovSV.Sprint1.Task2.V19.Test\Tyuiu.IvanovSV.Sprint1.Task2.V19.Test.csproj", "{BAB3A94F-5C83-492C-9A04-28EE3DCBFDC1}"
EndProject
Project("{FAE04EC0-301F-11D3-BF4B-00C04F79EFBC}") = "Tyuiu.IvanovSV.Sprint1.Task2.V19.Lib", "Tyuiu.IvanovSV.Sprint1.Task2.V19.Lib\Tyuiu.IvanovSV.Sprint1.Task2.V19.Lib.csproj", "{A16D4CD7-2A20-435A-9203-A1A6C5005959}"
EndProject
Project("{2150E333-8FDC-42A3-9474-1A3956D46DE8}") = "Task3.V12", "Task3.V12", "{A6EA2DA7-DF72-414A-B90E-A90E2EB4ABCD}"
EndProject
Project("{FAE04EC0-301F-11D3-BF4B-00C04F79EFBC}") = "Tyuiu.IvanovSV.Sprint1.Task3.V12", "Tyuiu.IvanovSV.Sprint1.Task3.V12\Tyuiu.IvanovSV.Sprint1.Task3.V12.csproj", "{11284F8D-AAE2-435E-A56D-73E681C76945}"
EndProject
Project("{FAE04EC0-301F-11D3-BF4B-00C04F79EFBC}") = "Tyuiu.IvanovSV.Sprint1.Task3.V12.Test", "Tyuiu.IvanovSV.Sprint1.Task3.V12.Test\Tyuiu.IvanovSV.Sprint1.Task3.V12.Test.csproj", "{4AECA82F-AC9D-4591-9EEF-ECADF1B0B013}"
EndProject
Project("{FAE04EC0-301F-11D3-BF4B-00C04F79EFBC}") = "Tyuiu.IvanovSV.Sprint1.Task3.V12.Lib", "Tyuiu.IvanovSV.Sprint1.Task3.V12.Lib\Tyuiu.IvanovSV.Sprint1.Task3.V12.Lib.csproj", "{D989A86E-DF63-4598-A79B-87B0345FF8BA}"
EndProject
Global
	GlobalSection(SolutionConfigurationPlatforms) = preSolution
		Debug|Any CPU = Debug|Any CPU
		Release|Any CPU = Release|Any CPU
	EndGlobalSection
	GlobalSection(ProjectConfigurationPlatforms) = postSolution
		{7622E646-C666-4841-A6B0-FB2C28CA064A}.Debug|Any CPU.ActiveCfg = Debug|Any CPU
		{7622E646-C666-4841-A6B0-FB2C28CA064A}.Debug|Any CPU.Build.0 = Debug|Any CPU
		{7622E646-C666-4841-A6B0-FB2C28CA064A}.Release|Any CPU.ActiveCfg = Release|Any CPU
		{7622E646-C666-4841-A6B0-FB2C28CA064A}.Release|Any CPU.Build.0 = Release|Any CPU
		{41D5FD62-3589-4BB1-9F4C-72832932D85F}.Debug|Any CPU.ActiveCfg = Debug|Any CPU
		{41D5FD62-3589-4BB1-9F4C-72832932D85F}.Debug|Any CPU.Build.0 = Debug|Any CPU
		{41D5FD62-3589-4BB1-9F4C-72832932D85F}.Release|Any CPU.ActiveCfg = Release|Any CPU
		{41D5FD62-3589-4BB1-9F4C-72832932D85F}.Release|Any CPU.Build.0 = Release|Any CPU
		{915C3B61-6031-45B0-8954-24B1991A51A5}.Debug|Any CPU.ActiveCfg = Debug|Any CPU
		{915C3B61-6031-45B0-8954-24B1991A51A5}.Debug|Any CPU.Build.0 = Debug|Any CPU
		{915C3B61-6031-45B0-8954-24B1991A51A5}.Release|Any CPU.ActiveCfg = Release|Any CPU
		{915C3B61-6031-45B0-8954-24B1991A51A5}.Release|Any CPU.Build.0 = Release|Any CPU
		{AC8458D3-CAC6-42C5-85D5-6FCCBE79EA71}.Debug|Any CPU.ActiveCfg = Debug|Any CPU
		{AC8458D3-CAC6-42C5-85D5-6FCCBE79EA71}.Debug|Any CPU.Build.0 = Debug|Any CPU
		{AC8458D3-CAC6-42C5-85D5-6FCCBE79EA71}.Release|Any CPU.ActiveCfg = Release|Any CPU
		{AC8458D3-CAC6-42C5-85D5-6FCCBE79EA71}.Release|Any CPU.Build.0 = Release|Any CPU
		{4F067F92-AE81-45EB-A797-0DC67B4DC959}.Debug|Any CPU.ActiveCfg = Debug|Any CPU
		{4F067F92-AE81-45EB-A797-0DC67B4DC959}.Debug|Any CPU.Build.0 = Debug|Any CPU
		{4F067F92-AE81-45EB-A797-0DC67B4DC959}.Release|Any CPU.ActiveCfg = Release|Any CPU
		{4F067F92-AE81-45EB-A797-0DC67B4DC959}.Release|Any CPU.Build.0 = Release|Any CPU
		{9B4D2878-147D-4AB5-909D-134668289D55}.Debug|Any CPU.ActiveCfg = Debug|Any CPU
		{9B4D2878-147D-4AB5-909D-134668289D55}.Debug|Any CPU.Build.0 = Debug|Any CPU
		{9B4D2878-147D-4AB5-909D-134668289D55}.Release|Any CPU.ActiveCfg = Release|Any CPU
		{9B4D2878-147D-4AB5-909D-134668289D55}.Release|Any CPU.Build.0 = Release|Any CPU
		{46F2B768-B339-47FA-8C6F-61AE9F08744F}.Debug|Any CPU.ActiveCfg = Debug|Any CPU
		{46F2B768-B339-47FA-8C6F-61AE9F08744F}.Debug|Any CPU.Build.0 = Debug|Any CPU
		{46F2B768-B339-47FA-8C6F-61AE9F08744F}.Release|Any CPU.ActiveCfg = Release|Any CPU
		{46F2B768-B339-47FA-8C6F-61AE9F08744F}.Release|Any CPU.Build.0 = Release|Any CPU
		{BAB3A94F-5C83-492C-9A04-28EE3DCBFDC1}.Debug|Any CPU.ActiveCfg = Debug|Any CPU
		{BAB3A94F-5C83-492C-9A04-28EE3DCBFDC1}.Debug|Any CPU.Build.0 = Debug|Any CPU
		{BAB3A94F-5C83-492C-9A04-28EE3DCBFDC1}.Release|Any CPU.ActiveCfg = Release|Any CPU
		{BAB3A94F-5C83-492C-9A04-28EE3DCBFDC1}.Release|Any CPU.Build.0 = Release|Any CPU
		{A16D4CD7-2A20-435A-9203-A1A6C5005959}.Debug|Any CPU.ActiveCfg = Debug|Any CPU
		{A16D4CD7-2A20-435A-9203-A1A6C5005959}.Debug|Any CPU.Build.0 = Debug|Any CPU
		{A16D4CD7-2A20-435A-9203-A1A6C5005959}.Release|Any CPU.ActiveCfg = Release|Any CPU
		{A16D4CD7-2A20-435A-9203-A1A6C5005959}.Release|Any CPU.Build.0 = Release|Any CPU
		{11284F8D-AAE2-435E-A56D-73E681C76945}.Debug|Any CPU.ActiveCfg = Debug|Any CPU
		{11284F8D-AAE2-435E-A56D-73E681C76945}.Debug|Any CPU.Build.0 = Debug|Any CPU
		{11284F8D-AAE2-435E-A56D-73E681C76945}.Release|Any CPU.ActiveCfg = Release|Any CPU
		{11284F8D-AAE2-435E-A56D-73E681C76945}.Release|Any CPU.Build.0 = Release|Any CPU
		{4AECA82F-AC9D-4591-9EEF-ECADF1B0B013}.Debug|Any CPU.ActiveCfg = Debug|Any CPU
		{4AECA82F-AC9D-4591-9EEF-ECADF1B0B013}.Debug|Any CPU.Build.0 = Debug|Any CPU
		{4AECA82F-AC9D-4591-9EEF-ECADF1B0B013}.Release|Any CPU.ActiveCfg = Release|Any CPU
		{4AECA82F-AC9D-4591-9EEF-ECADF1B0B013}.Release|Any CPU.Build.0 = Release|Any CPU
		{D989A86E-DF63-4598-A79B-87B0345FF8BA}.Debug|Any CPU.ActiveCfg = Debug|Any CPU
		{D989A86E-DF63-4598-A79B-87B0345FF8BA}.Debug|Any CPU.Build.0 = Debug|Any CPU
		{D989A86E-DF63-4598-A79B-87B0345FF8BA}.Release|Any CPU.ActiveCfg = Release|Any CPU
		{D989A86E-DF63-4598-A79B-87B0345FF8BA}.Release|Any CPU.Build.0 = Release|Any CPU
	EndGlobalSection
	GlobalSection(SolutionProperties) = preSolution
		HideSolutionNode = FALSE
	EndGlobalSection
	GlobalSection(NestedProjects) = preSolution
		{7622E646-C666-4841-A6B0-FB2C28CA064A} = {02EA681E-C7D8-13C7-8484-4AC65E1B71E8}
		{41D5FD62-3589-4BB1-9F4C-72832932D85F} = {02EA681E-C7D8-13C7-8484-4AC65E1B71E8}
		{915C3B61-6031-45B0-8954-24B1991A51A5} = {02EA681E-C7D8-13C7-8484-4AC65E1B71E8}
		{AC8458D3-CAC6-42C5-85D5-6FCCBE79EA71} = {32D262CE-9E26-4814-98B8-B0B328E81363}
		{4F067F92-AE81-45EB-A797-0DC67B4DC959} = {32D262CE-9E26-4814-98B8-B0B328E81363}
		{9B4D2878-147D-4AB5-909D-134668289D55} = {32D262CE-9E26-4814-98B8-B0B328E81363}
		{46F2B768-B339-47FA-8C6F-61AE9F08744F} = {2E5F42BB-54A8-4E8C-AD75-AA5E60760044}
		{BAB3A94F-5C83-492C-9A04-28EE3DCBFDC1} = {2E5F42BB-54A8-4E8C-AD75-AA5E60760044}
		{A16D4CD7-2A20-435A-9203-A1A6C5005959} = {2E5F42BB-54A8-4E8C-AD75-AA5E60760044}
		{11284F8D-AAE2-435E-A56D-73E681C76945} = {A6EA2DA7-DF72-414A-B90E-A90E2EB4ABCD}
		{4AECA82F-AC9D-4591-9EEF-ECADF1B0B013} = {A6EA2DA7-DF72-414A-B90E-A90E2EB4ABCD}
		{D989A86E-DF63-4598-A79B-87B0345FF8BA} = {A6EA2DA7-DF72-414A-B90E-A90E2EB4ABCD}
	EndGlobalSection
	GlobalSection(ExtensibilityGlobals) = postSolution
		SolutionGuid = {2367AD26-5331-48F4-9DDC-CF35C69543C4}
	EndGlobalSection
EndGlobal
